{
  "name": "simplyremind",
  "version": "1.0.0",
  "lockfileVersion": 3,
  "requires": true,
  "packages": {
    "": {
      "name": "simplyremind",
      "version": "1.0.0",
      "license": "ISC",
      "dependencies": {
        "@dile/dile-modal": "^3.0.4",
        "@fullcalendar/core": "^6.1.10",
        "@fullcalendar/daygrid": "^6.1.10",
        "@fullcalendar/interaction": "^6.1.10",
        "@fullcalendar/list": "^6.1.10",
        "@fullcalendar/moment-timezone": "^6.1.10",
        "@fullcalendar/multimonth": "^6.1.10",
        "@fullcalendar/timegrid": "^6.1.10"
      }
    },
    "node_modules/@dile/dile-close-icon-template": {
      "version": "2.0.4",
      "resolved": "https://registry.npmjs.org/@dile/dile-close-icon-template/-/dile-close-icon-template-2.0.4.tgz",
      "integrity": "sha512-koMRG7y3aBtyjHrwHGkqH9WaTO0r6xrXkEPtbrjvgdV69EJY8AZH3OkKXYpum7uFlrf0+IMGJLNxrnjgmE+0sA==",
      "dependencies": {
        "lit": "^2.6.1"
      }
    },
    "node_modules/@dile/dile-close-on-esc-pressed-mixin": {
      "version": "2.0.2",
      "resolved": "https://registry.npmjs.org/@dile/dile-close-on-esc-pressed-mixin/-/dile-close-on-esc-pressed-mixin-2.0.2.tgz",
      "integrity": "sha512-jUXVWQvCLSnEgEIShAgwaiJenN11hH7KFPyvvd2jz3a1hiVtQRTRonlYCivt5SYfMMEsBE9+ZCcWvuxlJa/5PA=="
    },
    "node_modules/@dile/dile-modal": {
      "version": "3.0.4",
      "resolved": "https://registry.npmjs.org/@dile/dile-modal/-/dile-modal-3.0.4.tgz",
      "integrity": "sha512-lYVOJFF+4kdWkTXfFaz1ASIJ01H30LZnUo4AXFkehgY6RQnXQbAfG8TIbjcHiqpF7LnjTFKTwdM/W2lLJXlocg==",
      "dependencies": {
        "@dile/dile-close-icon-template": "^2.0.4",
        "@dile/dile-close-on-esc-pressed-mixin": "^2.0.2",
        "lit": "^2.6.1"
      }
    },
    "node_modules/@fullcalendar/core": {
      "version": "6.1.10",
      "resolved": "https://registry.npmjs.org/@fullcalendar/core/-/core-6.1.10.tgz",
      "integrity": "sha512-oTXGJSAGpCf1oY+CKp5qYjMHkJCPBkJ3SHitl63n8Q6xKeiwQ4EF6Au451euUovREwJpLmD1AyZrCnWmtB9AVg==",
      "dependencies": {
        "preact": "~10.12.1"
      }
    },
    "node_modules/@fullcalendar/daygrid": {
      "version": "6.1.10",
      "resolved": "https://registry.npmjs.org/@fullcalendar/daygrid/-/daygrid-6.1.10.tgz",
      "integrity": "sha512-Z4GRm1IyHKgxXFTWGcEI0nTsvYOIkpE0aMt3/o3ER2SZkF+hfwcDFhtj0c9+WhMjXFIWYeoTnA9rUOY7Zl/nxA==",
      "peerDependencies": {
        "@fullcalendar/core": "~6.1.10"
      }
    },
    "node_modules/@fullcalendar/interaction": {
      "version": "6.1.10",
      "resolved": "https://registry.npmjs.org/@fullcalendar/interaction/-/interaction-6.1.10.tgz",
      "integrity": "sha512-aZRlwCpmDasq2RNeWV0ub20Uevare9Cb6iMlxCacx0fhOC14H28G9d1FsduJIecInL84SPGwt5ItqAYMsWv7zw==",
      "peerDependencies": {
        "@fullcalendar/core": "~6.1.10"
      }
    },
    "node_modules/@fullcalendar/list": {
      "version": "6.1.10",
      "resolved": "https://registry.npmjs.org/@fullcalendar/list/-/list-6.1.10.tgz",
      "integrity": "sha512-WE4vuSUCzol4tJd0ZP0cNxeyRPaZcsVVYs2I3qdf3OZQkXwDCdSyWEz0Hluf+XZWcZXt21aEYKlxRjwUpQcf4Q==",
      "peerDependencies": {
        "@fullcalendar/core": "~6.1.10"
      }
    },
    "node_modules/@fullcalendar/moment-timezone": {
      "version": "6.1.10",
      "resolved": "https://registry.npmjs.org/@fullcalendar/moment-timezone/-/moment-timezone-6.1.10.tgz",
      "integrity": "sha512-LGt9dq7UXDYXZNWouJhWvPSRl9S8vdRTlaxdSQIE9Apckb1HhE1lkBdDKE5BH11XRLw+ACLOXH2OWojgyvR3wg==",
      "peerDependencies": {
        "@fullcalendar/core": "~6.1.10",
        "moment-timezone": "^0.5.40"
      }
    },
    "node_modules/@fullcalendar/multimonth": {
      "version": "6.1.10",
      "resolved": "https://registry.npmjs.org/@fullcalendar/multimonth/-/multimonth-6.1.10.tgz",
      "integrity": "sha512-mLGEgD+sv8rNfKphyOCWRQapX7/nAvHgQmDTjuy4STlhHsddCYVmFlsSgF373ph1tXh41wAJUVdNO/pDmCvUfA==",
      "dependencies": {
        "@fullcalendar/daygrid": "~6.1.10"
      },
      "peerDependencies": {
        "@fullcalendar/core": "~6.1.10"
      }
    },
    "node_modules/@fullcalendar/timegrid": {
      "version": "6.1.10",
      "resolved": "https://registry.npmjs.org/@fullcalendar/timegrid/-/timegrid-6.1.10.tgz",
      "integrity": "sha512-hFKyQXJaPbNyq1reZmvkCmM64O99krHoIcJAbDS+dntCm3FzZUcDtAcRKIbMiantHrezCG/1MEYk3m9e3aKvIQ==",
      "dependencies": {
        "@fullcalendar/daygrid": "~6.1.10"
      },
      "peerDependencies": {
        "@fullcalendar/core": "~6.1.10"
      }
    },
    "node_modules/@lit-labs/ssr-dom-shim": {
      "version": "1.1.2",
      "resolved": "https://registry.npmjs.org/@lit-labs/ssr-dom-shim/-/ssr-dom-shim-1.1.2.tgz",
      "integrity": "sha512-jnOD+/+dSrfTWYfSXBXlo5l5f0q1UuJo3tkbMDCYA2lKUYq79jaxqtGEvnRoh049nt1vdo1+45RinipU6FGY2g=="
    },
    "node_modules/@lit/reactive-element": {
      "version": "1.6.3",
      "resolved": "https://registry.npmjs.org/@lit/reactive-element/-/reactive-element-1.6.3.tgz",
      "integrity": "sha512-QuTgnG52Poic7uM1AN5yJ09QMe0O28e10XzSvWDz02TJiiKee4stsiownEIadWm8nYzyDAyT+gKzUoZmiWQtsQ==",
      "dependencies": {
        "@lit-labs/ssr-dom-shim": "^1.0.0"
      }
    },
    "node_modules/@types/trusted-types": {
      "version": "2.0.7",
      "resolved": "https://registry.npmjs.org/@types/trusted-types/-/trusted-types-2.0.7.tgz",
      "integrity": "sha512-ScaPdn1dQczgbl0QFTeTOmVHFULt394XJgOQNoyVhZ6r2vLnMLJfBPd53SB52T/3G36VI1/g2MZaX0cwDuXsfw=="
    },
    "node_modules/lit": {
      "version": "2.8.0",
      "resolved": "https://registry.npmjs.org/lit/-/lit-2.8.0.tgz",
      "integrity": "sha512-4Sc3OFX9QHOJaHbmTMk28SYgVxLN3ePDjg7hofEft2zWlehFL3LiAuapWc4U/kYwMYJSh2hTCPZ6/LIC7ii0MA==",
      "dependencies": {
        "@lit/reactive-element": "^1.6.0",
        "lit-element": "^3.3.0",
        "lit-html": "^2.8.0"
      }
    },
    "node_modules/lit-element": {
      "version": "3.3.3",
      "resolved": "https://registry.npmjs.org/lit-element/-/lit-element-3.3.3.tgz",
      "integrity": "sha512-XbeRxmTHubXENkV4h8RIPyr8lXc+Ff28rkcQzw3G6up2xg5E8Zu1IgOWIwBLEQsu3cOVFqdYwiVi0hv0SlpqUA==",
      "dependencies": {
        "@lit-labs/ssr-dom-shim": "^1.1.0",
        "@lit/reactive-element": "^1.3.0",
        "lit-html": "^2.8.0"
      }
    },
    "node_modules/lit-html": {
      "version": "2.8.0",
      "resolved": "https://registry.npmjs.org/lit-html/-/lit-html-2.8.0.tgz",
      "integrity": "sha512-o9t+MQM3P4y7M7yNzqAyjp7z+mQGa4NS4CxiyLqFPyFWyc4O+nodLrkrxSaCTrla6M5YOLaT3RpbbqjszB5g3Q==",
      "dependencies": {
        "@types/trusted-types": "^2.0.2"
      }
    },
    "node_modules/moment": {
      "version": "2.29.4",
      "resolved": "https://registry.npmjs.org/moment/-/moment-2.29.4.tgz",
      "integrity": "sha512-5LC9SOxjSc2HF6vO2CyuTDNivEdoz2IvyJJGj6X8DJ0eFyfszE0QiEd+iXmBvUP3WHxSjFH/vIsA0EN00cgr8w==",
      "peer": true,
      "engines": {
        "node": "*"
      }
    },
    "node_modules/moment-timezone": {
      "version": "0.5.43",
      "resolved": "https://registry.npmjs.org/moment-timezone/-/moment-timezone-0.5.43.tgz",
      "integrity": "sha512-72j3aNyuIsDxdF1i7CEgV2FfxM1r6aaqJyLB2vwb33mXYyoyLly+F1zbWqhA3/bVIoJ4szlUoMbUnVdid32NUQ==",
      "peer": true,
      "dependencies": {
        "moment": "^2.29.4"
      },
      "engines": {
        "node": "*"
      }
    },
    "node_modules/preact": {
      "version": "10.12.1",
      "resolved": "https://registry.npmjs.org/preact/-/preact-10.12.1.tgz",
      "integrity": "sha512-l8386ixSsBdbreOAkqtrwqHwdvR35ID8c3rKPa8lCWuO86dBi32QWHV4vfsZK1utLLFMvw+Z5Ad4XLkZzchscg==",
      "funding": {
        "type": "opencollective",
        "url": "https://opencollective.com/preact"
      }
    }
  }
}
